// !$*UTF8*$!
{
	archiveVersion = 1;
	classes = {
	};
	objectVersion = 50;
	objects = {

/* Begin PBXBuildFile section */
		A18BC93E225F233F00BD2E65 /* Extensions.swift in Sources */ = {isa = PBXBuildFile; fileRef = A18BC93D225F233F00BD2E65 /* Extensions.swift */; };
		A18BC940225F236A00BD2E65 /* Place.swift in Sources */ = {isa = PBXBuildFile; fileRef = A18BC93F225F236A00BD2E65 /* Place.swift */; };
		A1B31B6D225DFE870036C1A3 /* AppDelegate.swift in Sources */ = {isa = PBXBuildFile; fileRef = A1B31B6C225DFE870036C1A3 /* AppDelegate.swift */; };
		A1B31B71225DFE870036C1A3 /* ViewController.swift in Sources */ = {isa = PBXBuildFile; fileRef = A1B31B70225DFE870036C1A3 /* ViewController.swift */; };
		A1B31B74225DFE870036C1A3 /* Main.storyboard in Resources */ = {isa = PBXBuildFile; fileRef = A1B31B72225DFE870036C1A3 /* Main.storyboard */; };
		A1B31B76225DFE880036C1A3 /* Assets.xcassets in Resources */ = {isa = PBXBuildFile; fileRef = A1B31B75225DFE880036C1A3 /* Assets.xcassets */; };
		A1B31B79225DFE880036C1A3 /* LaunchScreen.storyboard in Resources */ = {isa = PBXBuildFile; fileRef = A1B31B77225DFE880036C1A3 /* LaunchScreen.storyboard */; };
		A1B31B83225DFF6F0036C1A3 /* art.scnassets in Resources */ = {isa = PBXBuildFile; fileRef = A1B31B82225DFF6F0036C1A3 /* art.scnassets */; };
/* End PBXBuildFile section */

/* Begin PBXFileReference section */
		A18BC93D225F233F00BD2E65 /* Extensions.swift */ = {isa = PBXFileReference; lastKnownFileType = sourcecode.swift; path = Extensions.swift; sourceTree = "<group>"; };
		A18BC93F225F236A00BD2E65 /* Place.swift */ = {isa = PBXFileReference; lastKnownFileType = sourcecode.swift; path = Place.swift; sourceTree = "<group>"; };
		A1B31B69225DFE870036C1A3 /* ARLocations.app */ = {isa = PBXFileReference; explicitFileType = wrapper.application; includeInIndex = 0; path = ARLocations.app; sourceTree = BUILT_PRODUCTS_DIR; };
		A1B31B6C225DFE870036C1A3 /* AppDelegate.swift */ = {isa = PBXFileReference; lastKnownFileType = sourcecode.swift; path = AppDelegate.swift; sourceTree = "<group>"; };
		A1B31B70225DFE870036C1A3 /* ViewController.swift */ = {isa = PBXFileReference; lastKnownFileType = sourcecode.swift; path = ViewController.swift; sourceTree = "<group>"; };
		A1B31B73225DFE870036C1A3 /* Base */ = {isa = PBXFileReference; lastKnownFileType = file.storyboard; name = Base; path = Base.lproj/Main.storyboard; sourceTree = "<group>"; };
		A1B31B75225DFE880036C1A3 /* Assets.xcassets */ = {isa = PBXFileReference; lastKnownFileType = folder.assetcatalog; path = Assets.xcassets; sourceTree = "<group>"; };
		A1B31B78225DFE880036C1A3 /* Base */ = {isa = PBXFileReference; lastKnownFileType = file.storyboard; name = Base; path = Base.lproj/LaunchScreen.storyboard; sourceTree = "<group>"; };
		A1B31B7A225DFE880036C1A3 /* Info.plist */ = {isa = PBXFileReference; lastKnownFileType = text.plist.xml; path = Info.plist; sourceTree = "<group>"; };
		A1B31B82225DFF6F0036C1A3 /* art.scnassets */ = {isa = PBXFileReference; lastKnownFileType = wrapper.scnassets; path = art.scnassets; sourceTree = "<group>"; };
/* End PBXFileReference section */

/* Begin PBXFrameworksBuildPhase section */
		A1B31B66225DFE870036C1A3 /* Frameworks */ = {
			isa = PBXFrameworksBuildPhase;
			buildActionMask = 2147483647;
			files = (
			);
			runOnlyForDeploymentPostprocessing = 0;
		};
/* End PBXFrameworksBuildPhase section */

/* Begin PBXGroup section */
		A1B31B60225DFE870036C1A3 = {
			isa = PBXGroup;
			children = (
				A1B31B6B225DFE870036C1A3 /* ARLocations */,
				A1B31B6A225DFE870036C1A3 /* Products */,
			);
			sourceTree = "<group>";
		};
		A1B31B6A225DFE870036C1A3 /* Products */ = {
			isa = PBXGroup;
			children = (
				A1B31B69225DFE870036C1A3 /* ARLocations.app */,
			);
			name = Products;
			sourceTree = "<group>";
		};
		A1B31B6B225DFE870036C1A3 /* ARLocations */ = {
			isa = PBXGroup;
			children = (
				A1B31B6C225DFE870036C1A3 /* AppDelegate.swift */,
				A1B31B70225DFE870036C1A3 /* ViewController.swift */,
				A18BC93D225F233F00BD2E65 /* Extensions.swift */,
				A18BC93F225F236A00BD2E65 /* Place.swift */,
				A1B31B72225DFE870036C1A3 /* Main.storyboard */,
				A1B31B75225DFE880036C1A3 /* Assets.xcassets */,
				A1B31B82225DFF6F0036C1A3 /* art.scnassets */,
				A1B31B77225DFE880036C1A3 /* LaunchScreen.storyboard */,
				A1B31B7A225DFE880036C1A3 /* Info.plist */,
			);
			path = ARLocations;
			sourceTree = "<group>";
		};
/* End PBXGroup section */

/* Begin PBXNativeTarget section */
		A1B31B68225DFE870036C1A3 /* ARLocations */ = {
			isa = PBXNativeTarget;
			buildConfigurationList = A1B31B7D225DFE880036C1A3 /* Build configuration list for PBXNativeTarget "ARLocations" */;
			buildPhases = (
				A1B31B65225DFE870036C1A3 /* Sources */,
				A1B31B66225DFE870036C1A3 /* Frameworks */,
				A1B31B67225DFE870036C1A3 /* Resources */,
			);
			buildRules = (
			);
			dependencies = (
			);
			name = ARLocations;
			productName = ARLocations;
			productReference = A1B31B69225DFE870036C1A3 /* ARLocations.app */;
			productType = "com.apple.product-type.application";
		};
/* End PBXNativeTarget section */

/* Begin PBXProject section */
		A1B31B61225DFE870036C1A3 /* Project object */ = {
			isa = PBXProject;
			attributes = {
				LastSwiftUpdateCheck = 1020;
				LastUpgradeCheck = 1020;
				ORGANIZATIONNAME = Kathiresan;
				TargetAttributes = {
					A1B31B68225DFE870036C1A3 = {
						CreatedOnToolsVersion = 10.2;
					};
				};
			};
			buildConfigurationList = A1B31B64225DFE870036C1A3 /* Build configuration list for PBXProject "ARLocations" */;
			compatibilityVersion = "Xcode 9.3";
			developmentRegion = en;
			hasScannedForEncodings = 0;
			knownRegions = (
				en,
				Base,
			);
			mainGroup = A1B31B60225DFE870036C1A3;
			productRefGroup = A1B31B6A225DFE870036C1A3 /* Products */;
			projectDirPath = "";
			projectRoot = "";
			targets = (
				A1B31B68225DFE870036C1A3 /* ARLocations */,
			);
		};
/* End PBXProject section */

/* Begin PBXResourcesBuildPhase section */
		A1B31B67225DFE870036C1A3 /* Resources */ = {
			isa = PBXResourcesBuildPhase;
			buildActionMask = 2147483647;
			files = (
				A1B31B79225DFE880036C1A3 /* LaunchScreen.storyboard in Resources */,
				A1B31B83225DFF6F0036C1A3 /* art.scnassets in Resources */,
				A1B31B76225DFE880036C1A3 /* Assets.xcassets in Resources */,
				A1B31B74225DFE870036C1A3 /* Main.storyboard in Resources */,
			);
			runOnlyForDeploymentPostprocessing = 0;
		};
/* End PBXResourcesBuildPhase section */

/* Begin PBXSourcesBuildPhase section */
		A1B31B65225DFE870036C1A3 /* Sources */ = {
			isa = PBXSourcesBuildPhase;
			buildActionMask = 2147483647;
			files = (
				A1B31B71225DFE870036C1A3 /* ViewController.swift in Sources */,
				A18BC93E225F233F00BD2E65 /* Extensions.swift in Sources */,
				A1B31B6D225DFE870036C1A3 /* AppDelegate.swift in Sources */,
				A18BC940225F236A00BD2E65 /* Place.swift in Sources */,
			);
			runOnlyForDeploymentPostprocessing = 0;
		};
/* End PBXSourcesBuildPhase section */

/* Begin PBXVariantGroup section */
		A1B31B72225DFE870036C1A3 /* Main.storyboard */ = {
			isa = PBXVariantGroup;
			children = (
				A1B31B73225DFE870036C1A3 /* Base */,
			);
			name = Main.storyboard;
			sourceTree = "<group>";
		};
		A1B31B77225DFE880036C1A3 /* LaunchScreen.storyboard */ = {
			isa = PBXVariantGroup;
			children = (
				A1B31B78225DFE880036C1A3 /* Base */,
			);
			name = LaunchScreen.storyboard;
			sourceTree = "<group>";
		};
/* End PBXVariantGroup section */

/* Begin XCBuildConfiguration section */
		A1B31B7B225DFE880036C1A3 /* Debug */ = {
			isa = XCBuildConfiguration;
			buildSettings = {
				ALWAYS_SEARCH_USER_PATHS = NO;
				CLANG_ANALYZER_NONNULL = YES;
				CLANG_ANALYZER_NUMBER_OBJECT_CONVERSION = YES_AGGRESSIVE;
				CLANG_CXX_LANGUAGE_STANDARD = "gnu++14";
				CLANG_CXX_LIBRARY = "libc++";
				CLANG_ENABLE_MODULES = YES;
				CLANG_ENABLE_OBJC_ARC = YES;
				CLANG_ENABLE_OBJC_WEAK = YES;
				CLANG_WARN_BLOCK_CAPTURE_AUTORELEASING = YES;
				CLANG_WARN_BOOL_CONVERSION = YES;
				CLANG_WARN_COMMA = YES;
				CLANG_WARN_CONSTANT_CONVERSION = YES;
				CLANG_WARN_DEPRECATED_OBJC_IMPLEMENTATIONS = YES;
				CLANG_WARN_DIRECT_OBJC_ISA_USAGE = YES_ERROR;
				CLANG_WARN_DOCUMENTATION_COMMENTS = YES;
				CLANG_WARN_EMPTY_BODY = YES;
				CLANG_WARN_ENUM_CONVERSION = YES;
				CLANG_WARN_INFINITE_RECURSION = YES;
				CLANG_WARN_INT_CONVERSION = YES;
				CLANG_WARN_NON_LITERAL_NULL_CONVERSION = YES;
				CLANG_WARN_OBJC_IMPLICIT_RETAIN_SELF = YES;
				CLANG_WARN_OBJC_LITERAL_CONVERSION = YES;
				CLANG_WARN_OBJC_ROOT_CLASS = YES_ERROR;
				CLANG_WARN_RANGE_LOOP_ANALYSIS = YES;
				CLANG_WARN_STRICT_PROTOTYPES = YES;
				CLANG_WARN_SUSPICIOUS_MOVE = YES;
				CLANG_WARN_UNGUARDED_AVAILABILITY = YES_AGGRESSIVE;
				CLANG_WARN_UNREACHABLE_CODE = YES;
				CLANG_WARN__DUPLICATE_METHOD_MATCH = YES;
				CODE_SIGN_IDENTITY = "iPhone Developer";
				COPY_PHASE_STRIP = NO;
				DEBUG_INFORMATION_FORMAT = dwarf;
				ENABLE_STRICT_OBJC_MSGSEND = YES;
				ENABLE_TESTABILITY = YES;
				GCC_C_LANGUAGE_STANDARD = gnu11;
				GCC_DYNAMIC_NO_PIC = NO;
				GCC_NO_COMMON_BLOCKS = YES;
				GCC_OPTIMIZATION_LEVEL = 0;
				GCC_PREPROCESSOR_DEFINITIONS = (
					"DEBUG=1",
					"$(inherited)",
				);
				GCC_WARN_64_TO_32_BIT_CONVERSION = YES;
				GCC_WARN_ABOUT_RETURN_TYPE = YES_ERROR;
				GCC_WARN_UNDECLARED_SELECTOR = YES;
				GCC_WARN_UNINITIALIZED_AUTOS = YES_AGGRESSIVE;
				GCC_WARN_UNUSED_FUNCTION = YES;
				GCC_WARN_UNUSED_VARIABLE = YES;
				IPHONEOS_DEPLOYMENT_TARGET = 12.2;
				MTL_ENABLE_DEBUG_INFO = INCLUDE_SOURCE;
				MTL_FAST_MATH = YES;
				ONLY_ACTIVE_ARCH = YES;
				SDKROOT = iphoneos;
				SWIFT_ACTIVE_COMPILATION_CONDITIONS = DEBUG;
				SWIFT_OPTIMIZATION_LEVEL = "-Onone";
			};
			name = Debug;
		};
		A1B31B7C225DFE880036C1A3 /* Release */ = {
			isa = XCBuildConfiguration;
			buildSettings = {
				ALWAYS_SEARCH_USER_PATHS = NO;
				CLANG_ANALYZER_NONNULL = YES;
				CLANG_ANALYZER_NUMBER_OBJECT_CONVERSION = YES_AGGRESSIVE;
				CLANG_CXX_LANGUAGE_STANDARD = "gnu++14";
				CLANG_CXX_LIBRARY = "libc++";
				CLANG_ENABLE_MODULES = YES;
				CLANG_ENABLE_OBJC_ARC = YES;
				CLANG_ENABLE_OBJC_WEAK = YES;
				CLANG_WARN_BLOCK_CAPTURE_AUTORELEASING = YES;
				CLANG_WARN_BOOL_CONVERSION = YES;
				CLANG_WARN_COMMA = YES;
				CLANG_WARN_CONSTANT_CONVERSION = YES;
				CLANG_WARN_DEPRECATED_OBJC_IMPLEMENTATIONS = YES;
				CLANG_WARN_DIRECT_OBJC_ISA_USAGE = YES_ERROR;
				CLANG_WARN_DOCUMENTATION_COMMENTS = YES;
				CLANG_WARN_EMPTY_BODY = YES;
				CLANG_WARN_ENUM_CONVERSION = YES;
				CLANG_WARN_INFINITE_RECURSION = YES;
				CLANG_WARN_INT_CONVERSION = YES;
				CLANG_WARN_NON_LITERAL_NULL_CONVERSION = YES;
				CLANG_WARN_OBJC_IMPLICIT_RETAIN_SELF = YES;
				CLANG_WARN_OBJC_LITERAL_CONVERSION = YES;
				CLANG_WARN_OBJC_ROOT_CLASS = YES_ERROR;
				CLANG_WARN_RANGE_LOOP_ANALYSIS = YES;
				CLANG_WARN_STRICT_PROTOTYPES = YES;
				CLANG_WARN_SUSPICIOUS_MOVE = YES;
				CLANG_WARN_UNGUARDED_AVAILABILITY = YES_AGGRESSIVE;
				CLANG_WARN_UNREACHABLE_CODE = YES;
				CLANG_WARN__DUPLICATE_METHOD_MATCH = YES;
				CODE_SIGN_IDENTITY = "iPhone Developer";
				COPY_PHASE_STRIP = NO;
				DEBUG_INFORMATION_FORMAT = "dwarf-with-dsym";
				ENABLE_NS_ASSERTIONS = NO;
				ENABLE_STRICT_OBJC_MSGSEND = YES;
				GCC_C_LANGUAGE_STANDARD = gnu11;
				GCC_NO_COMMON_BLOCKS = YES;
				GCC_WARN_64_TO_32_BIT_CONVERSION = YES;
				GCC_WARN_ABOUT_RETURN_TYPE = YES_ERROR;
				GCC_WARN_UNDECLARED_SELECTOR = YES;
				GCC_WARN_UNINITIALIZED_AUTOS = YES_AGGRESSIVE;
				GCC_WARN_UNUSED_FUNCTION = YES;
				GCC_WARN_UNUSED_VARIABLE = YES;
				IPHONEOS_DEPLOYMENT_TARGET = 12.2;
				MTL_ENABLE_DEBUG_INFO = NO;
				MTL_FAST_MATH = YES;
				SDKROOT = iphoneos;
				SWIFT_COMPILATION_MODE = wholemodule;
				SWIFT_OPTIMIZATION_LEVEL = "-O";
				VALIDATE_PRODUCT = YES;
			};
			name = Release;
		};
		A1B31B7E225DFE880036C1A3 /* Debug */ = {
			isa = XCBuildConfiguration;
			buildSettings = {
				ASSETCATALOG_COMPILER_APPICON_NAME = AppIcon;
				CODE_SIGN_STYLE = Automatic;
				DEVELOPMENT_TEAM = XS458MZC7Y;
				INFOPLIST_FILE = ARLocations/Info.plist;
				LD_RUNPATH_SEARCH_PATHS = (
					"$(inherited)",
					"@executable_path/Frameworks",
				);
				PRODUCT_BUNDLE_IDENTIFIER = com.ktrkathir.ARLocations;
				PRODUCT_NAME = "$(TARGET_NAME)";
				SWIFT_VERSION = 5.0;
				TARGETED_DEVICE_FAMILY = "1,2";
			};
			name = Debug;
		};
		A1B31B7F225DFE880036C1A3 /* Release */ = {
			isa = XCBuildConfiguration;
			buildSettings = {
				ASSETCATALOG_COMPILER_APPICON_NAME = AppIcon;
				CODE_SIGN_STYLE = Automatic;
				DEVELOPMENT_TEAM = XS458MZC7Y;
				INFOPLIST_FILE = ARLocations/Info.plist;
				LD_RUNPATH_SEARCH_PATHS = (
					"$(inherited)",
					"@executable_path/Frameworks",
				);
				PRODUCT_BUNDLE_IDENTIFIER = com.ktrkathir.ARLocations;
				PRODUCT_NAME = "$(TARGET_NAME)";
				SWIFT_VERSION = 5.0;
				TARGETED_DEVICE_FAMILY = "1,2";
			};
			name = Release;
		};
/* End XCBuildConfiguration section */

/* Begin XCConfigurationList section */
		A1B31B64225DFE870036C1A3 /* Build configuration list for PBXProject "ARLocations" */ = {
			isa = XCConfigurationList;
			buildConfigurations = (
				A1B31B7B225DFE880036C1A3 /* Debug */,
				A1B31B7C225DFE880036C1A3 /* Release */,
			);
			defaultConfigurationIsVisible = 0;
			defaultConfigurationName = Release;
		};
		A1B31B7D225DFE880036C1A3 /* Build configuration list for PBXNativeTarget "ARLocations" */ = {
			isa = XCConfigurationList;
			buildConfigurations = (
				A1B31B7E225DFE880036C1A3 /* Debug */,
				A1B31B7F225DFE880036C1A3 /* Release */,
			);
			defaultConfigurationIsVisible = 0;
			defaultConfigurationName = Release;
		};
/* End XCConfigurationList section */
	};
	rootObject = A1B31B61225DFE870036C1A3 /* Project object */;
}
